
Microsoft Visual Studio Solution File, Format Version 12.00
# Visual Studio Version 17
VisualStudioVersion = 17.10.34928.147
MinimumVisualStudioVersion = 10.0.40219.1
Project("{FAE04EC0-301F-11D3-BF4B-00C04F79EFBC}") = "FPSoundLib", "FPSoundLib\FPSoundLib.csproj", "{C8238DC3-A373-4CFB-BB38-3D7882D4F06E}"
EndProject
Project("{FAE04EC0-301F-11D3-BF4B-00C04F79EFBC}") = "SoundLibTest", "SoundLibTest\SoundLibTest.csproj", "{CD1B3EDB-027E-407B-B27D-082A9013D9EA}"
EndProject
Global
	GlobalSection(SolutionConfigurationPlatforms) = preSolution
		Debug|Any CPU = Debug|Any CPU
		Release|Any CPU = Release|Any CPU
	EndGlobalSection
	GlobalSection(ProjectConfigurationPlatforms) = postSolution
		{C8238DC3-A373-4CFB-BB38-3D7882D4F06E}.Debug|Any CPU.ActiveCfg = Debug|Any CPU
		{C8238DC3-A373-4CFB-BB38-3D7882D4F06E}.Debug|Any CPU.Build.0 = Debug|Any CPU
		{C8238DC3-A373-4CFB-BB38-3D7882D4F06E}.Release|Any CPU.ActiveCfg = Release|Any CPU
		{C8238DC3-A373-4CFB-BB38-3D7882D4F06E}.Release|Any CPU.Build.0 = Release|Any CPU
		{CD1B3EDB-027E-407B-B27D-082A9013D9EA}.Debug|Any CPU.ActiveCfg = Debug|Any CPU
		{CD1B3EDB-027E-407B-B27D-082A9013D9EA}.Debug|Any CPU.Build.0 = Debug|Any CPU
		{CD1B3EDB-027E-407B-B27D-082A9013D9EA}.Release|Any CPU.ActiveCfg = Release|Any CPU
		{CD1B3EDB-027E-407B-B27D-082A9013D9EA}.Release|Any CPU.Build.0 = Release|Any CPU
	EndGlobalSection
	GlobalSection(SolutionProperties) = preSolution
		HideSolutionNode = FALSE
	EndGlobalSection
	GlobalSection(ExtensibilityGlobals) = postSolution
		SolutionGuid = {8E005132-2874-4888-A659-D8A0C4E0F1A2}
	EndGlobalSection
EndGlobal
